
Microsoft Visual Studio Solution File, Format Version 12.00
# Visual Studio Version 17
VisualStudioVersion = 17.14.36414.22 d17.14
MinimumVisualStudioVersion = 10.0.40219.1
Project("{FAE04EC0-301F-11D3-BF4B-00C04F79EFBC}") = "Objects_Harjo_Ryan", "Objects_Harjo_Ryan.csproj", "{0D1AB7A0-1154-4ADC-A404-011F3304E3A6}"
EndProject
Global
	GlobalSection(SolutionConfigurationPlatforms) = preSolution
		Debug|Any CPU = Debug|Any CPU
		Release|Any CPU = Release|Any CPU
	EndGlobalSection
	GlobalSection(ProjectConfigurationPlatforms) = postSolution
		{0D1AB7A0-1154-4ADC-A404-011F3304E3A6}.Debug|Any CPU.ActiveCfg = Debug|Any CPU
		{0D1AB7A0-1154-4ADC-A404-011F3304E3A6}.Debug|Any CPU.Build.0 = Debug|Any CPU
		{0D1AB7A0-1154-4ADC-A404-011F3304E3A6}.Release|Any CPU.ActiveCfg = Release|Any CPU
		{0D1AB7A0-1154-4ADC-A404-011F3304E3A6}.Release|Any CPU.Build.0 = Release|Any CPU
	EndGlobalSection
	GlobalSection(SolutionProperties) = preSolution
		HideSolutionNode = FALSE
	EndGlobalSection
	GlobalSection(ExtensibilityGlobals) = postSolution
		SolutionGuid = {C6365ECC-32CA-4E40-9252-371C55965B13}
	EndGlobalSection
EndGlobal
